
Microsoft Visual Studio Solution File, Format Version 12.00
# Visual Studio Version 17
VisualStudioVersion = 17.7.34221.43
MinimumVisualStudioVersion = 10.0.40219.1
Project("{FAE04EC0-301F-11D3-BF4B-00C04F79EFBC}") = "FMJ_Backend", "FMJ_Backend\FMJ_Backend.csproj", "{A5662FFE-14FF-4C5F-8BD0-F5F2C71E04D8}"
EndProject
Global
	GlobalSection(SolutionConfigurationPlatforms) = preSolution
		Debug|Any CPU = Debug|Any CPU
		Release|Any CPU = Release|Any CPU
	EndGlobalSection
	GlobalSection(ProjectConfigurationPlatforms) = postSolution
		{A5662FFE-14FF-4C5F-8BD0-F5F2C71E04D8}.Debug|Any CPU.ActiveCfg = Debug|Any CPU
		{A5662FFE-14FF-4C5F-8BD0-F5F2C71E04D8}.Debug|Any CPU.Build.0 = Debug|Any CPU
		{A5662FFE-14FF-4C5F-8BD0-F5F2C71E04D8}.Release|Any CPU.ActiveCfg = Release|Any CPU
		{A5662FFE-14FF-4C5F-8BD0-F5F2C71E04D8}.Release|Any CPU.Build.0 = Release|Any CPU
	EndGlobalSection
	GlobalSection(SolutionProperties) = preSolution
		HideSolutionNode = FALSE
	EndGlobalSection
	GlobalSection(ExtensibilityGlobals) = postSolution
		SolutionGuid = {BCCB84C3-CAC8-462E-82CA-E7D605DAE290}
	EndGlobalSection
EndGlobal
